PODS:
  - MyScriptInteractiveInk-Runtime (3.2.0)

DEPENDENCIES:
  - MyScriptInteractiveInk-Runtime

SPEC REPOS:
  trunk:
    - MyScriptInteractiveInk-Runtime

SPEC CHECKSUMS:
  MyScriptInteractiveInk-Runtime: 1c6cc1436f3ea3dba9a5da596e600763c4241c1e

PODFILE CHECKSUM: f87b4364b1726280c7d53aa1e71cdc006c3c8a17

COCOAPODS: 1.15.2
