// !$*UTF8*$!
{
	archiveVersion = 1;
	classes = {
	};
	objectVersion = 56;
	objects = {

/* Begin PBXBuildFile section */
		E87DA2922D91F6F500AB7C24 /* LaunchScreen.storyboard in Resources */ = {isa = PBXBuildFile; fileRef = E87DA2902D91F6F500AB7C24 /* LaunchScreen.storyboard */; };
		E87DA2932D91F6F500AB7C24 /* Assets.xcassets in Resources */ = {isa = PBXBuildFile; fileRef = E87DA28E2D91F6F500AB7C24 /* Assets.xcassets */; };
		E87DA2972D91F6F500AB7C24 /* AppDelegate.swift in Sources */ = {isa = PBXBuildFile; fileRef = E87DA2942D91F6F500AB7C24 /* AppDelegate.swift */; };
		E87DA2982D91F6F500AB7C24 /* SceneDelegate.swift in Sources */ = {isa = PBXBuildFile; fileRef = E87DA2952D91F6F500AB7C24 /* SceneDelegate.swift */; };
		E87DA29D2D91F6F500AB7C24 /* Store.swift in Sources */ = {isa = PBXBuildFile; fileRef = E87DA2992D91F6F500AB7C24 /* Store.swift */; };
		E87DA29E2D91F6F500AB7C24 /* ViewStore.swift in Sources */ = {isa = PBXBuildFile; fileRef = E87DA29A2D91F6F500AB7C24 /* ViewStore.swift */; };
		E87DA2A22D91F6F500AB7C24 /* MyCertificate.c in Sources */ = {isa = PBXBuildFile; fileRef = E87DA2A02D91F6F500AB7C24 /* MyCertificate.c */; };
		E87DA2C42D91F6F500AB7C24 /* AlWriteDocument.swift in Sources */ = {isa = PBXBuildFile; fileRef = E87DA2A32D91F6F500AB7C24 /* AlWriteDocument.swift */; };
		E87DA2C52D91F6F500AB7C24 /* DocumentViewController.swift in Sources */ = {isa = PBXBuildFile; fileRef = E87DA2A52D91F6F500AB7C24 /* DocumentViewController.swift */; };
		E87DA2C62D91F6F500AB7C24 /* DrawingView.swift in Sources */ = {isa = PBXBuildFile; fileRef = E87DA2A92D91F6F500AB7C24 /* DrawingView.swift */; };
		E87DA2C72D91F6F500AB7C24 /* DrawingDependenciesContainer.swift in Sources */ = {isa = PBXBuildFile; fileRef = E87DA2AB2D91F6F500AB7C24 /* DrawingDependenciesContainer.swift */; };
		E87DA2C82D91F6F500AB7C24 /* DrawingScene.swift in Sources */ = {isa = PBXBuildFile; fileRef = E87DA2AC2D91F6F500AB7C24 /* DrawingScene.swift */; };
		E87DA2C92D91F6F500AB7C24 /* DrawingSceneBuilder.swift in Sources */ = {isa = PBXBuildFile; fileRef = E87DA2AD2D91F6F500AB7C24 /* DrawingSceneBuilder.swift */; };
		E87DA2CA2D91F6F500AB7C24 /* DrawingStore.swift in Sources */ = {isa = PBXBuildFile; fileRef = E87DA2AE2D91F6F500AB7C24 /* DrawingStore.swift */; };
		E87DA2CB2D91F6F500AB7C24 /* DrawingViewController.swift in Sources */ = {isa = PBXBuildFile; fileRef = E87DA2AF2D91F6F500AB7C24 /* DrawingViewController.swift */; };
		E87DA2CC2D91F6F500AB7C24 /* HandwritingRecognitionDelegate.swift in Sources */ = {isa = PBXBuildFile; fileRef = E87DA2B22D91F6F500AB7C24 /* HandwritingRecognitionDelegate.swift */; };
		E87DA2CD2D91F6F500AB7C24 /* RecognitionProtocols.swift in Sources */ = {isa = PBXBuildFile; fileRef = E87DA2B32D91F6F500AB7C24 /* RecognitionProtocols.swift */; };
		E87DA2CE2D91F6F500AB7C24 /* RecognitionEngineFactory.swift in Sources */ = {isa = PBXBuildFile; fileRef = E87DA2B52D91F6F500AB7C24 /* RecognitionEngineFactory.swift */; };
		E87DA2CF2D91F6F500AB7C24 /* FontMetricsProvider.swift in Sources */ = {isa = PBXBuildFile; fileRef = E87DA2B72D91F6F500AB7C24 /* FontMetricsProvider.swift */; };
		E87DA2D02D91F6F500AB7C24 /* MyScriptRecognitionEngine.swift in Sources */ = {isa = PBXBuildFile; fileRef = E87DA2B82D91F6F500AB7C24 /* MyScriptRecognitionEngine.swift */; };
		E87DA2D12D91F6F500AB7C24 /* MyScriptRecognitionService.swift in Sources */ = {isa = PBXBuildFile; fileRef = E87DA2B92D91F6F500AB7C24 /* MyScriptRecognitionService.swift */; };
		E87DA2D22D91F6F500AB7C24 /* PencilKitToMyScriptConverter.swift in Sources */ = {isa = PBXBuildFile; fileRef = E87DA2BA2D91F6F500AB7C24 /* PencilKitToMyScriptConverter.swift */; };
		E87DA2D32D91F6F500AB7C24 /* RecognitionManager.swift in Sources */ = {isa = PBXBuildFile; fileRef = E87DA2BB2D91F6F500AB7C24 /* RecognitionManager.swift */; };
		E87DA2D42D91F6F500AB7C24 /* RecognitionModes.swift in Sources */ = {isa = PBXBuildFile; fileRef = E87DA2BD2D91F6F500AB7C24 /* RecognitionModes.swift */; };
		E87DA2D52D91F6F500AB7C24 /* EngineProvider.swift in Sources */ = {isa = PBXBuildFile; fileRef = E87DA2C02D91F6F500AB7C24 /* EngineProvider.swift */; };
		E87DA2D62D91F6F500AB7C24 /* MyScriptInteractiveInk_Runtime.swift in Sources */ = {isa = PBXBuildFile; fileRef = E87DA2C12D91F6F500AB7C24 /* MyScriptInteractiveInk_Runtime.swift */; };
/* End PBXBuildFile section */

/* Begin PBXFileReference section */
		E87DA26D2D91F6F500AB7C24 /* myscript-iink-recognition-diagram.version.txt */ = {isa = PBXFileReference; lastKnownFileType = text; path = "myscript-iink-recognition-diagram.version.txt"; sourceTree = "<group>"; };
		E87DA26E2D91F6F500AB7C24 /* myscript-iink-recognition-math.version.txt */ = {isa = PBXFileReference; lastKnownFileType = text; path = "myscript-iink-recognition-math.version.txt"; sourceTree = "<group>"; };
		E87DA26F2D91F6F500AB7C24 /* myscript-iink-recognition-raw-content.version.txt */ = {isa = PBXFileReference; lastKnownFileType = text; path = "myscript-iink-recognition-raw-content.version.txt"; sourceTree = "<group>"; };
		E87DA2702D91F6F500AB7C24 /* myscript-iink-recognition-text-en_US.version.txt */ = {isa = PBXFileReference; lastKnownFileType = text; path = "myscript-iink-recognition-text-en_US.version.txt"; sourceTree = "<group>"; };
		E87DA2722D91F6F500AB7C24 /* diagram.conf */ = {isa = PBXFileReference; lastKnownFileType = text; path = diagram.conf; sourceTree = "<group>"; };
		E87DA2732D91F6F500AB7C24 /* en_US.conf */ = {isa = PBXFileReference; lastKnownFileType = text; path = en_US.conf; sourceTree = "<group>"; };
		E87DA2742D91F6F500AB7C24 /* math.conf */ = {isa = PBXFileReference; lastKnownFileType = text; path = math.conf; sourceTree = "<group>"; };
		E87DA2752D91F6F500AB7C24 /* raw-content.conf */ = {isa = PBXFileReference; lastKnownFileType = text; path = "raw-content.conf"; sourceTree = "<group>"; };
		E87DA2772D91F6F500AB7C24 /* diagram.conf */ = {isa = PBXFileReference; lastKnownFileType = text; path = diagram.conf; sourceTree = "<group>"; };
		E87DA2782D91F6F500AB7C24 /* en_US.conf */ = {isa = PBXFileReference; lastKnownFileType = text; path = en_US.conf; sourceTree = "<group>"; };
		E87DA2792D91F6F500AB7C24 /* math.conf */ = {isa = PBXFileReference; lastKnownFileType = text; path = math.conf; sourceTree = "<group>"; };
		E87DA27A2D91F6F500AB7C24 /* raw-content.conf */ = {isa = PBXFileReference; lastKnownFileType = text; path = "raw-content.conf"; sourceTree = "<group>"; };
		E87DA27C2D91F6F500AB7C24 /* ank-diagram.res */ = {isa = PBXFileReference; lastKnownFileType = file; path = "ank-diagram.res"; sourceTree = "<group>"; };
		E87DA27D2D91F6F500AB7C24 /* ank-raw-content.res */ = {isa = PBXFileReference; lastKnownFileType = file; path = "ank-raw-content.res"; sourceTree = "<group>"; };
		E87DA27F2D91F6F500AB7C24 /* en_US-ak-cur.res */ = {isa = PBXFileReference; lastKnownFileType = file; path = "en_US-ak-cur.res"; sourceTree = "<group>"; };
		E87DA2802D91F6F500AB7C24 /* en_US-ak-cur.lite.res */ = {isa = PBXFileReference; lastKnownFileType = file; path = "en_US-ak-cur.lite.res"; sourceTree = "<group>"; };
		E87DA2812D91F6F500AB7C24 /* en_US-ak-superimposed.res */ = {isa = PBXFileReference; lastKnownFileType = file; path = "en_US-ak-superimposed.res"; sourceTree = "<group>"; };
		E87DA2822D91F6F500AB7C24 /* en_US-ak-superimposed.lite.res */ = {isa = PBXFileReference; lastKnownFileType = file; path = "en_US-ak-superimposed.lite.res"; sourceTree = "<group>"; };
		E87DA2832D91F6F500AB7C24 /* en_US-lk-text.res */ = {isa = PBXFileReference; lastKnownFileType = file; path = "en_US-lk-text.res"; sourceTree = "<group>"; };
		E87DA2842D91F6F500AB7C24 /* en_US-lk-text.lite.res */ = {isa = PBXFileReference; lastKnownFileType = file; path = "en_US-lk-text.lite.res"; sourceTree = "<group>"; };
		E87DA2872D91F6F500AB7C24 /* math-ak.res */ = {isa = PBXFileReference; lastKnownFileType = file; path = "math-ak.res"; sourceTree = "<group>"; };
		E87DA2882D91F6F500AB7C24 /* math-grm-standard.res */ = {isa = PBXFileReference; lastKnownFileType = file; path = "math-grm-standard.res"; sourceTree = "<group>"; };
		E87DA28A2D91F6F500AB7C24 /* shk-diagram.res */ = {isa = PBXFileReference; lastKnownFileType = file; path = "shk-diagram.res"; sourceTree = "<group>"; };
		E87DA28E2D91F6F500AB7C24 /* Assets.xcassets */ = {isa = PBXFileReference; lastKnownFileType = folder.assetcatalog; path = Assets.xcassets; sourceTree = "<group>"; };
		E87DA28F2D91F6F500AB7C24 /* Base */ = {isa = PBXFileReference; lastKnownFileType = file.storyboard; name = Base; path = Base.lproj/LaunchScreen.storyboard; sourceTree = "<group>"; };
		E87DA2942D91F6F500AB7C24 /* AppDelegate.swift */ = {isa = PBXFileReference; lastKnownFileType = sourcecode.swift; path = AppDelegate.swift; sourceTree = "<group>"; };
		E87DA2952D91F6F500AB7C24 /* SceneDelegate.swift */ = {isa = PBXFileReference; lastKnownFileType = sourcecode.swift; path = SceneDelegate.swift; sourceTree = "<group>"; };
		E87DA2992D91F6F500AB7C24 /* Store.swift */ = {isa = PBXFileReference; lastKnownFileType = sourcecode.swift; path = Store.swift; sourceTree = "<group>"; };
		E87DA29A2D91F6F500AB7C24 /* ViewStore.swift */ = {isa = PBXFileReference; lastKnownFileType = sourcecode.swift; path = ViewStore.swift; sourceTree = "<group>"; };
		E87DA29F2D91F6F500AB7C24 /* MyCertificate.h */ = {isa = PBXFileReference; lastKnownFileType = sourcecode.c.h; path = MyCertificate.h; sourceTree = "<group>"; };
		E87DA2A02D91F6F500AB7C24 /* MyCertificate.c */ = {isa = PBXFileReference; lastKnownFileType = sourcecode.c.c; path = MyCertificate.c; sourceTree = "<group>"; };
		E87DA2A32D91F6F500AB7C24 /* AlWriteDocument.swift */ = {isa = PBXFileReference; lastKnownFileType = sourcecode.swift; path = AlWriteDocument.swift; sourceTree = "<group>"; };
		E87DA2A52D91F6F500AB7C24 /* DocumentViewController.swift */ = {isa = PBXFileReference; lastKnownFileType = sourcecode.swift; path = DocumentViewController.swift; sourceTree = "<group>"; };
		E87DA2A92D91F6F500AB7C24 /* DrawingView.swift */ = {isa = PBXFileReference; lastKnownFileType = sourcecode.swift; path = DrawingView.swift; sourceTree = "<group>"; };
		E87DA2AB2D91F6F500AB7C24 /* DrawingDependenciesContainer.swift */ = {isa = PBXFileReference; lastKnownFileType = sourcecode.swift; path = DrawingDependenciesContainer.swift; sourceTree = "<group>"; };
		E87DA2AC2D91F6F500AB7C24 /* DrawingScene.swift */ = {isa = PBXFileReference; lastKnownFileType = sourcecode.swift; path = DrawingScene.swift; sourceTree = "<group>"; };
		E87DA2AD2D91F6F500AB7C24 /* DrawingSceneBuilder.swift */ = {isa = PBXFileReference; lastKnownFileType = sourcecode.swift; path = DrawingSceneBuilder.swift; sourceTree = "<group>"; };
		E87DA2AE2D91F6F500AB7C24 /* DrawingStore.swift */ = {isa = PBXFileReference; lastKnownFileType = sourcecode.swift; path = DrawingStore.swift; sourceTree = "<group>"; };
		E87DA2AF2D91F6F500AB7C24 /* DrawingViewController.swift */ = {isa = PBXFileReference; lastKnownFileType = sourcecode.swift; path = DrawingViewController.swift; sourceTree = "<group>"; };
		E87DA2B22D91F6F500AB7C24 /* HandwritingRecognitionDelegate.swift */ = {isa = PBXFileReference; lastKnownFileType = sourcecode.swift; path = HandwritingRecognitionDelegate.swift; sourceTree = "<group>"; };
		E87DA2B32D91F6F500AB7C24 /* RecognitionProtocols.swift */ = {isa = PBXFileReference; lastKnownFileType = sourcecode.swift; path = RecognitionProtocols.swift; sourceTree = "<group>"; };
		E87DA2B52D91F6F500AB7C24 /* RecognitionEngineFactory.swift */ = {isa = PBXFileReference; lastKnownFileType = sourcecode.swift; path = RecognitionEngineFactory.swift; sourceTree = "<group>"; };
		E87DA2B72D91F6F500AB7C24 /* FontMetricsProvider.swift */ = {isa = PBXFileReference; lastKnownFileType = sourcecode.swift; path = FontMetricsProvider.swift; sourceTree = "<group>"; };
		E87DA2B82D91F6F500AB7C24 /* MyScriptRecognitionEngine.swift */ = {isa = PBXFileReference; lastKnownFileType = sourcecode.swift; path = MyScriptRecognitionEngine.swift; sourceTree = "<group>"; };
		E87DA2B92D91F6F500AB7C24 /* MyScriptRecognitionService.swift */ = {isa = PBXFileReference; lastKnownFileType = sourcecode.swift; path = MyScriptRecognitionService.swift; sourceTree = "<group>"; };
		E87DA2BA2D91F6F500AB7C24 /* PencilKitToMyScriptConverter.swift */ = {isa = PBXFileReference; lastKnownFileType = sourcecode.swift; path = PencilKitToMyScriptConverter.swift; sourceTree = "<group>"; };
		E87DA2BB2D91F6F500AB7C24 /* RecognitionManager.swift */ = {isa = PBXFileReference; lastKnownFileType = sourcecode.swift; path = RecognitionManager.swift; sourceTree = "<group>"; };
		E87DA2BD2D91F6F500AB7C24 /* RecognitionModes.swift */ = {isa = PBXFileReference; lastKnownFileType = sourcecode.swift; path = RecognitionModes.swift; sourceTree = "<group>"; };
		E87DA2C02D91F6F500AB7C24 /* EngineProvider.swift */ = {isa = PBXFileReference; lastKnownFileType = sourcecode.swift; path = EngineProvider.swift; sourceTree = "<group>"; };
		E87DA2C12D91F6F500AB7C24 /* MyScriptInteractiveInk_Runtime.swift */ = {isa = PBXFileReference; lastKnownFileType = sourcecode.swift; path = MyScriptInteractiveInk_Runtime.swift; sourceTree = "<group>"; };
		E8BB67332D90BEA400A768DB /* Info.plist */ = {isa = PBXFileReference; lastKnownFileType = text.plist.xml; path = Info.plist; sourceTree = "<group>"; };
		E8D68FA92D32BE7600FD6971 /* AlWrite.app */ = {isa = PBXFileReference; explicitFileType = wrapper.application; includeInIndex = 0; path = AlWrite.app; sourceTree = BUILT_PRODUCTS_DIR; };
/* End PBXFileReference section */

/* Begin PBXFrameworksBuildPhase section */
		E8D68FA62D32BE7600FD6971 /* Frameworks */ = {
			isa = PBXFrameworksBuildPhase;
			buildActionMask = 2147483647;
			files = (
			);
			runOnlyForDeploymentPostprocessing = 0;
		};
/* End PBXFrameworksBuildPhase section */

/* Begin PBXGroup section */
		62FE5F92971BAB2EA16D7341 /* Pods */ = {
			isa = PBXGroup;
			children = (
			);
			path = Pods;
			sourceTree = "<group>";
		};
		E87DA2712D91F6F500AB7C24 /* INFO */ = {
			isa = PBXGroup;
			children = (
				E87DA26D2D91F6F500AB7C24 /* myscript-iink-recognition-diagram.version.txt */,
				E87DA26E2D91F6F500AB7C24 /* myscript-iink-recognition-math.version.txt */,
				E87DA26F2D91F6F500AB7C24 /* myscript-iink-recognition-raw-content.version.txt */,
				E87DA2702D91F6F500AB7C24 /* myscript-iink-recognition-text-en_US.version.txt */,
			);
			path = INFO;
			sourceTree = "<group>";
		};
		E87DA2762D91F6F500AB7C24 /* conf */ = {
			isa = PBXGroup;
			children = (
				E87DA2722D91F6F500AB7C24 /* diagram.conf */,
				E87DA2732D91F6F500AB7C24 /* en_US.conf */,
				E87DA2742D91F6F500AB7C24 /* math.conf */,
				E87DA2752D91F6F500AB7C24 /* raw-content.conf */,
			);
			path = conf;
			sourceTree = "<group>";
		};
		E87DA27B2D91F6F500AB7C24 /* conf-lite */ = {
			isa = PBXGroup;
			children = (
				E87DA2772D91F6F500AB7C24 /* diagram.conf */,
				E87DA2782D91F6F500AB7C24 /* en_US.conf */,
				E87DA2792D91F6F500AB7C24 /* math.conf */,
				E87DA27A2D91F6F500AB7C24 /* raw-content.conf */,
			);
			path = "conf-lite";
			sourceTree = "<group>";
		};
		E87DA27E2D91F6F500AB7C24 /* analyzer */ = {
			isa = PBXGroup;
			children = (
				E87DA27C2D91F6F500AB7C24 /* ank-diagram.res */,
				E87DA27D2D91F6F500AB7C24 /* ank-raw-content.res */,
			);
			path = analyzer;
			sourceTree = "<group>";
		};
		E87DA2852D91F6F500AB7C24 /* en_US */ = {
			isa = PBXGroup;
			children = (
				E87DA27F2D91F6F500AB7C24 /* en_US-ak-cur.res */,
				E87DA2802D91F6F500AB7C24 /* en_US-ak-cur.lite.res */,
				E87DA2812D91F6F500AB7C24 /* en_US-ak-superimposed.res */,
				E87DA2822D91F6F500AB7C24 /* en_US-ak-superimposed.lite.res */,
				E87DA2832D91F6F500AB7C24 /* en_US-lk-text.res */,
				E87DA2842D91F6F500AB7C24 /* en_US-lk-text.lite.res */,
			);
			path = en_US;
			sourceTree = "<group>";
		};
		E87DA2862D91F6F500AB7C24 /* en_US 2 */ = {
			isa = PBXGroup;
			children = (
			);
			path = "en_US 2";
			sourceTree = "<group>";
		};
		E87DA2892D91F6F500AB7C24 /* math */ = {
			isa = PBXGroup;
			children = (
				E87DA2872D91F6F500AB7C24 /* math-ak.res */,
				E87DA2882D91F6F500AB7C24 /* math-grm-standard.res */,
			);
			path = math;
			sourceTree = "<group>";
		};
		E87DA28B2D91F6F500AB7C24 /* shape */ = {
			isa = PBXGroup;
			children = (
				E87DA28A2D91F6F500AB7C24 /* shk-diagram.res */,
			);
			path = shape;
			sourceTree = "<group>";
		};
		E87DA28C2D91F6F500AB7C24 /* resources */ = {
			isa = PBXGroup;
			children = (
				E87DA27E2D91F6F500AB7C24 /* analyzer */,
				E87DA2852D91F6F500AB7C24 /* en_US */,
				E87DA2862D91F6F500AB7C24 /* en_US 2 */,
				E87DA2892D91F6F500AB7C24 /* math */,
				E87DA28B2D91F6F500AB7C24 /* shape */,
			);
			path = resources;
			sourceTree = "<group>";
		};
		E87DA28D2D91F6F500AB7C24 /* recognition-assets */ = {
			isa = PBXGroup;
			children = (
				E87DA2762D91F6F500AB7C24 /* conf */,
				E87DA27B2D91F6F500AB7C24 /* conf-lite */,
				E87DA28C2D91F6F500AB7C24 /* resources */,
			);
			path = "recognition-assets";
			sourceTree = "<group>";
		};
		E87DA2912D91F6F500AB7C24 /* Resources */ = {
			isa = PBXGroup;
			children = (
				E87DA2712D91F6F500AB7C24 /* INFO */,
				E87DA28D2D91F6F500AB7C24 /* recognition-assets */,
				E87DA28E2D91F6F500AB7C24 /* Assets.xcassets */,
				E87DA2902D91F6F500AB7C24 /* LaunchScreen.storyboard */,
			);
			path = Resources;
			sourceTree = "<group>";
		};
		E87DA2962D91F6F500AB7C24 /* Application */ = {
			isa = PBXGroup;
			children = (
				E87DA2942D91F6F500AB7C24 /* AppDelegate.swift */,
				E87DA2952D91F6F500AB7C24 /* SceneDelegate.swift */,
			);
			path = Application;
			sourceTree = "<group>";
		};
		E87DA29B2D91F6F500AB7C24 /* Store */ = {
			isa = PBXGroup;
			children = (
				E87DA2992D91F6F500AB7C24 /* Store.swift */,
				E87DA29A2D91F6F500AB7C24 /* ViewStore.swift */,
			);
			path = Store;
			sourceTree = "<group>";
		};
		E87DA29C2D91F6F500AB7C24 /* Core */ = {
			isa = PBXGroup;
			children = (
				E87DA29B2D91F6F500AB7C24 /* Store */,
			);
			path = Core;
			sourceTree = "<group>";
		};
		E87DA2A12D91F6F500AB7C24 /* MyScriptCertificate */ = {
			isa = PBXGroup;
			children = (
				E87DA29F2D91F6F500AB7C24 /* MyCertificate.h */,
				E87DA2A02D91F6F500AB7C24 /* MyCertificate.c */,
			);
			path = MyScriptCertificate;
			sourceTree = "<group>";
		};
		E87DA2A42D91F6F500AB7C24 /* Domain */ = {
			isa = PBXGroup;
			children = (
				E87DA2A32D91F6F500AB7C24 /* AlWriteDocument.swift */,
			);
			path = Domain;
			sourceTree = "<group>";
		};
		E87DA2A62D91F6F500AB7C24 /* Scene */ = {
			isa = PBXGroup;
			children = (
				E87DA2A52D91F6F500AB7C24 /* DocumentViewController.swift */,
			);
			path = Scene;
			sourceTree = "<group>";
		};
		E87DA2A72D91F6F500AB7C24 /* Document */ = {
			isa = PBXGroup;
			children = (
				E87DA2A42D91F6F500AB7C24 /* Domain */,
				E87DA2A62D91F6F500AB7C24 /* Scene */,
			);
			path = Document;
			sourceTree = "<group>";
		};
		E87DA2A82D91F6F500AB7C24 /* Protocol */ = {
			isa = PBXGroup;
			children = (
			);
			path = Protocol;
			sourceTree = "<group>";
		};
		E87DA2AA2D91F6F500AB7C24 /* View */ = {
			isa = PBXGroup;
			children = (
				E87DA2A92D91F6F500AB7C24 /* DrawingView.swift */,
			);
			path = View;
			sourceTree = "<group>";
		};
		E87DA2B02D91F6F500AB7C24 /* Scene */ = {
			isa = PBXGroup;
			children = (
				E87DA2A82D91F6F500AB7C24 /* Protocol */,
				E87DA2AA2D91F6F500AB7C24 /* View */,
				E87DA2AB2D91F6F500AB7C24 /* DrawingDependenciesContainer.swift */,
				E87DA2AC2D91F6F500AB7C24 /* DrawingScene.swift */,
				E87DA2AD2D91F6F500AB7C24 /* DrawingSceneBuilder.swift */,
				E87DA2AE2D91F6F500AB7C24 /* DrawingStore.swift */,
				E87DA2AF2D91F6F500AB7C24 /* DrawingViewController.swift */,
			);
			path = Scene;
			sourceTree = "<group>";
		};
		E87DA2B12D91F6F500AB7C24 /* Drawing */ = {
			isa = PBXGroup;
			children = (
				E87DA2B02D91F6F500AB7C24 /* Scene */,
			);
			path = Drawing;
			sourceTree = "<group>";
		};
		E87DA2B42D91F6F500AB7C24 /* Core */ = {
			isa = PBXGroup;
			children = (
				E87DA2B22D91F6F500AB7C24 /* HandwritingRecognitionDelegate.swift */,
				E87DA2B32D91F6F500AB7C24 /* RecognitionProtocols.swift */,
			);
			path = Core;
			sourceTree = "<group>";
		};
		E87DA2B62D91F6F500AB7C24 /* Factory */ = {
			isa = PBXGroup;
			children = (
				E87DA2B52D91F6F500AB7C24 /* RecognitionEngineFactory.swift */,
			);
			path = Factory;
			sourceTree = "<group>";
		};
		E87DA2BC2D91F6F500AB7C24 /* Services */ = {
			isa = PBXGroup;
			children = (
				E87DA2B72D91F6F500AB7C24 /* FontMetricsProvider.swift */,
				E87DA2B82D91F6F500AB7C24 /* MyScriptRecognitionEngine.swift */,
				E87DA2B92D91F6F500AB7C24 /* MyScriptRecognitionService.swift */,
				E87DA2BA2D91F6F500AB7C24 /* PencilKitToMyScriptConverter.swift */,
				E87DA2BB2D91F6F500AB7C24 /* RecognitionManager.swift */,
			);
			path = Services;
			sourceTree = "<group>";
		};
		E87DA2BE2D91F6F500AB7C24 /* Strategies */ = {
			isa = PBXGroup;
			children = (
				E87DA2BD2D91F6F500AB7C24 /* RecognitionModes.swift */,
			);
			path = Strategies;
			sourceTree = "<group>";
		};
		E87DA2BF2D91F6F500AB7C24 /* Recognition */ = {
			isa = PBXGroup;
			children = (
				E87DA2B42D91F6F500AB7C24 /* Core */,
				E87DA2B62D91F6F500AB7C24 /* Factory */,
				E87DA2BC2D91F6F500AB7C24 /* Services */,
				E87DA2BE2D91F6F500AB7C24 /* Strategies */,
			);
			path = Recognition;
			sourceTree = "<group>";
		};
		E87DA2C22D91F6F500AB7C24 /* Utils */ = {
			isa = PBXGroup;
			children = (
				E87DA2C02D91F6F500AB7C24 /* EngineProvider.swift */,
				E87DA2C12D91F6F500AB7C24 /* MyScriptInteractiveInk_Runtime.swift */,
			);
			path = Utils;
			sourceTree = "<group>";
		};
		E87DA2C32D91F6F500AB7C24 /* Sources */ = {
			isa = PBXGroup;
			children = (
				E87DA2A72D91F6F500AB7C24 /* Document */,
				E87DA2B12D91F6F500AB7C24 /* Drawing */,
				E87DA2BF2D91F6F500AB7C24 /* Recognition */,
				E87DA2C22D91F6F500AB7C24 /* Utils */,
			);
			path = Sources;
			sourceTree = "<group>";
		};
		E8BB67342D90BEA400A768DB /* AlWrite */ = {
			isa = PBXGroup;
			children = (
				E87DA2962D91F6F500AB7C24 /* Application */,
				E87DA29C2D91F6F500AB7C24 /* Core */,
				E87DA2A12D91F6F500AB7C24 /* MyScriptCertificate */,
				E87DA2912D91F6F500AB7C24 /* Resources */,
				E87DA2C32D91F6F500AB7C24 /* Sources */,
				E8BB67332D90BEA400A768DB /* Info.plist */,
			);
			path = AlWrite;
			sourceTree = "<group>";
		};
		E8D68FA02D32BE7600FD6971 = {
			isa = PBXGroup;
			children = (
				E8BB67342D90BEA400A768DB /* AlWrite */,
				E8D68FAA2D32BE7600FD6971 /* Products */,
				62FE5F92971BAB2EA16D7341 /* Pods */,
			);
			sourceTree = "<group>";
		};
		E8D68FAA2D32BE7600FD6971 /* Products */ = {
			isa = PBXGroup;
			children = (
				E8D68FA92D32BE7600FD6971 /* AlWrite.app */,
			);
			name = Products;
			sourceTree = "<group>";
		};
/* End PBXGroup section */

/* Begin PBXNativeTarget section */
		E8D68FA82D32BE7600FD6971 /* AlWrite */ = {
			isa = PBXNativeTarget;
			buildConfigurationList = E8D68FBB2D32BE7700FD6971 /* Build configuration list for PBXNativeTarget "AlWrite" */;
			buildPhases = (
				E8BB65412D90789100A768DB /* ShellScript */,
				E8D68FA52D32BE7600FD6971 /* Sources */,
				E8D68FA62D32BE7600FD6971 /* Frameworks */,
				E8D68FA72D32BE7600FD6971 /* Resources */,
				E87D2D592D91C55A00AB7C24 /* ShellScript */,
			);
			buildRules = (
			);
			dependencies = (
			);
			name = AlWrite;
			productName = AlWrite;
			productReference = E8D68FA92D32BE7600FD6971 /* AlWrite.app */;
			productType = "com.apple.product-type.application";
		};
/* End PBXNativeTarget section */

/* Begin PBXProject section */
		E8D68FA12D32BE7600FD6971 /* Project object */ = {
			isa = PBXProject;
			attributes = {
				BuildIndependentTargetsInParallel = 1;
				LastSwiftUpdateCheck = 1610;
				LastUpgradeCheck = 1620;
				TargetAttributes = {
					E8D68FA82D32BE7600FD6971 = {
						CreatedOnToolsVersion = 16.1;
						LastSwiftMigration = 1620;
					};
				};
			};
			buildConfigurationList = E8D68FA42D32BE7600FD6971 /* Build configuration list for PBXProject "AlWrite" */;
			compatibilityVersion = "Xcode 14.0";
			developmentRegion = en;
			hasScannedForEncodings = 0;
			knownRegions = (
				en,
				Base,
			);
			mainGroup = E8D68FA02D32BE7600FD6971;
			productRefGroup = E8D68FAA2D32BE7600FD6971 /* Products */;
			projectDirPath = "";
			projectRoot = "";
			targets = (
				E8D68FA82D32BE7600FD6971 /* AlWrite */,
			);
		};
/* End PBXProject section */

/* Begin PBXResourcesBuildPhase section */
		E8D68FA72D32BE7600FD6971 /* Resources */ = {
			isa = PBXResourcesBuildPhase;
			buildActionMask = 2147483647;
			files = (
				E87DA2922D91F6F500AB7C24 /* LaunchScreen.storyboard in Resources */,
				E87DA2932D91F6F500AB7C24 /* Assets.xcassets in Resources */,
			);
			runOnlyForDeploymentPostprocessing = 0;
		};
/* End PBXResourcesBuildPhase section */

/* Begin PBXShellScriptBuildPhase section */
		E87D2D592D91C55A00AB7C24 /* ShellScript */ = {
			isa = PBXShellScriptBuildPhase;
			alwaysOutOfDate = 1;
			buildActionMask = 2147483647;
			files = (
			);
			inputFileListPaths = (
			);
			inputPaths = (
			);
			outputFileListPaths = (
			);
			outputPaths = (
			);
			runOnlyForDeploymentPostprocessing = 0;
			shellPath = /bin/sh;
			shellScript = "# Script to copy recognition assets to the app bundle\nRECOGNITION_ASSETS_DIR=\"${SRCROOT}/AlWrite/Resources/recognition-assets\"\nTARGET_DIR=\"${BUILT_PRODUCTS_DIR}/${CONTENTS_FOLDER_PATH}/recognition-assets\"\n\n# Check if recognition assets exist\nif [ -d \"$RECOGNITION_ASSETS_DIR\" ]; then\n    echo \"✅ Found recognition assets at: $RECOGNITION_ASSETS_DIR\"\n    \n    # Create target directory if it doesn't exist\n    mkdir -p \"$TARGET_DIR\"\n    \n    # Copy recognition assets to the app bundle\n    cp -R \"$RECOGNITION_ASSETS_DIR\"/* \"$TARGET_DIR\"\n    \n    echo \"✅ Successfully copied recognition assets to: $TARGET_DIR\"\nelse\n    echo \"❌ Recognition assets not found at: $RECOGNITION_ASSETS_DIR\"\n    exit 1\nfi\n";
		};
		E8BB65412D90789100A768DB /* ShellScript */ = {
			isa = PBXShellScriptBuildPhase;
			alwaysOutOfDate = 1;
			buildActionMask = 2147483647;
			files = (
			);
			inputFileListPaths = (
			);
			inputPaths = (
			);
			outputFileListPaths = (
			);
			outputPaths = (
			);
			runOnlyForDeploymentPostprocessing = 0;
			shellPath = /bin/sh;
			shellScript = "./retrieve_recognition-assets.sh AlWrite\n";
		};
/* End PBXShellScriptBuildPhase section */

/* Begin PBXSourcesBuildPhase section */
		E8D68FA52D32BE7600FD6971 /* Sources */ = {
			isa = PBXSourcesBuildPhase;
			buildActionMask = 2147483647;
			files = (
				E87DA2972D91F6F500AB7C24 /* AppDelegate.swift in Sources */,
				E87DA2C42D91F6F500AB7C24 /* AlWriteDocument.swift in Sources */,
				E87DA2C52D91F6F500AB7C24 /* DocumentViewController.swift in Sources */,
				E87DA2C62D91F6F500AB7C24 /* DrawingView.swift in Sources */,
				E87DA2C72D91F6F500AB7C24 /* DrawingDependenciesContainer.swift in Sources */,
				E87DA2C82D91F6F500AB7C24 /* DrawingScene.swift in Sources */,
				E87DA2C92D91F6F500AB7C24 /* DrawingSceneBuilder.swift in Sources */,
				E87DA2CA2D91F6F500AB7C24 /* DrawingStore.swift in Sources */,
				E87DA2CB2D91F6F500AB7C24 /* DrawingViewController.swift in Sources */,
				E87DA2CC2D91F6F500AB7C24 /* HandwritingRecognitionDelegate.swift in Sources */,
				E87DA2CD2D91F6F500AB7C24 /* RecognitionProtocols.swift in Sources */,
				E87DA2CE2D91F6F500AB7C24 /* RecognitionEngineFactory.swift in Sources */,
				E87DA2CF2D91F6F500AB7C24 /* FontMetricsProvider.swift in Sources */,
				E87DA2D02D91F6F500AB7C24 /* MyScriptRecognitionEngine.swift in Sources */,
				E87DA2D12D91F6F500AB7C24 /* MyScriptRecognitionService.swift in Sources */,
				E87DA2D22D91F6F500AB7C24 /* PencilKitToMyScriptConverter.swift in Sources */,
				E87DA2D32D91F6F500AB7C24 /* RecognitionManager.swift in Sources */,
				E87DA2D42D91F6F500AB7C24 /* RecognitionModes.swift in Sources */,
				E87DA2D52D91F6F500AB7C24 /* EngineProvider.swift in Sources */,
				E87DA2D62D91F6F500AB7C24 /* MyScriptInteractiveInk_Runtime.swift in Sources */,
				E87DA29D2D91F6F500AB7C24 /* Store.swift in Sources */,
				E87DA29E2D91F6F500AB7C24 /* ViewStore.swift in Sources */,
				E87DA2982D91F6F500AB7C24 /* SceneDelegate.swift in Sources */,
				E87DA2A22D91F6F500AB7C24 /* MyCertificate.c in Sources */,
			);
			runOnlyForDeploymentPostprocessing = 0;
		};
/* End PBXSourcesBuildPhase section */

/* Begin PBXVariantGroup section */
		E87DA2902D91F6F500AB7C24 /* LaunchScreen.storyboard */ = {
			isa = PBXVariantGroup;
			children = (
				E87DA28F2D91F6F500AB7C24 /* Base */,
			);
			name = LaunchScreen.storyboard;
			sourceTree = "<group>";
		};
/* End PBXVariantGroup section */

/* Begin XCBuildConfiguration section */
		E8D68FBC2D32BE7700FD6971 /* Debug */ = {
			isa = XCBuildConfiguration;
			buildSettings = {
				ASSETCATALOG_COMPILER_APPICON_NAME = AppIcon;
				ASSETCATALOG_COMPILER_GLOBAL_ACCENT_COLOR_NAME = AccentColor;
				CLANG_ENABLE_MODULES = YES;
				CODE_SIGN_STYLE = Automatic;
				CURRENT_PROJECT_VERSION = 1;
				DEVELOPMENT_TEAM = J7Q99VT33B;
				GENERATE_INFOPLIST_FILE = YES;
				HEADER_SEARCH_PATHS = (
					"$(inherited)",
					"\"${PODS_ROOT}/Headers/Public\"",
					../Frameworks,
					"\"${PODS_ROOT}/Headers/Public/MyScriptInteractiveInk-Runtime\"",
					"\"${PODS_ROOT}/MyScriptInteractiveInk-Runtime/include\"",
					"$(SRCROOT)/AlWrite/MyScriptSDK",
				);
				INFOPLIST_FILE = AlWrite/Info.plist;
				INFOPLIST_KEY_UIApplicationSupportsIndirectInputEvents = YES;
				INFOPLIST_KEY_UILaunchStoryboardName = LaunchScreen;
				INFOPLIST_KEY_UISupportedInterfaceOrientations_iPad = "UIInterfaceOrientationPortrait UIInterfaceOrientationPortraitUpsideDown UIInterfaceOrientationLandscapeLeft UIInterfaceOrientationLandscapeRight";
				INFOPLIST_KEY_UISupportedInterfaceOrientations_iPhone = "UIInterfaceOrientationPortrait UIInterfaceOrientationLandscapeLeft UIInterfaceOrientationLandscapeRight";
				INFOPLIST_KEY_UISupportsDocumentBrowser = YES;
				LD_RUNPATH_SEARCH_PATHS = (
					"$(inherited)",
					"@executable_path/Frameworks",
				);
				MARKETING_VERSION = 1.0;
				PRODUCT_BUNDLE_IDENTIFIER = com.trofimpetyanov.AlWrite;
				PRODUCT_NAME = "$(TARGET_NAME)";
				SWIFT_EMIT_LOC_STRINGS = YES;
				SWIFT_OBJC_BRIDGING_HEADER = "AlWrite/MyScriptSDK/IInkUIReferenceImplementation-Bridging-Header.h";
				SWIFT_OPTIMIZATION_LEVEL = "-Onone";
				SWIFT_VERSION = 5.0;
				TARGETED_DEVICE_FAMILY = "1,2";
			};
			name = Debug;
		};
		E8D68FBD2D32BE7700FD6971 /* Release */ = {
			isa = XCBuildConfiguration;
			buildSettings = {
				ASSETCATALOG_COMPILER_APPICON_NAME = AppIcon;
				ASSETCATALOG_COMPILER_GLOBAL_ACCENT_COLOR_NAME = AccentColor;
				CLANG_ENABLE_MODULES = YES;
				CODE_SIGN_STYLE = Automatic;
				CURRENT_PROJECT_VERSION = 1;
				DEVELOPMENT_TEAM = J7Q99VT33B;
				GENERATE_INFOPLIST_FILE = YES;
				HEADER_SEARCH_PATHS = (
					"$(inherited)",
					"\"${PODS_ROOT}/Headers/Public\"",
					../Frameworks,
					"\"${PODS_ROOT}/Headers/Public/MyScriptInteractiveInk-Runtime\"",
					"\"${PODS_ROOT}/MyScriptInteractiveInk-Runtime/include\"",
					"$(SRCROOT)/AlWrite/MyScriptSDK",
				);
				INFOPLIST_FILE = AlWrite/Info.plist;
				INFOPLIST_KEY_UIApplicationSupportsIndirectInputEvents = YES;
				INFOPLIST_KEY_UILaunchStoryboardName = LaunchScreen;
				INFOPLIST_KEY_UISupportedInterfaceOrientations_iPad = "UIInterfaceOrientationPortrait UIInterfaceOrientationPortraitUpsideDown UIInterfaceOrientationLandscapeLeft UIInterfaceOrientationLandscapeRight";
				INFOPLIST_KEY_UISupportedInterfaceOrientations_iPhone = "UIInterfaceOrientationPortrait UIInterfaceOrientationLandscapeLeft UIInterfaceOrientationLandscapeRight";
				INFOPLIST_KEY_UISupportsDocumentBrowser = YES;
				LD_RUNPATH_SEARCH_PATHS = (
					"$(inherited)",
					"@executable_path/Frameworks",
				);
				MARKETING_VERSION = 1.0;
				PRODUCT_BUNDLE_IDENTIFIER = com.trofimpetyanov.AlWrite;
				PRODUCT_NAME = "$(TARGET_NAME)";
				SWIFT_EMIT_LOC_STRINGS = YES;
				SWIFT_OBJC_BRIDGING_HEADER = "AlWrite/MyScriptSDK/IInkUIReferenceImplementation-Bridging-Header.h";
				SWIFT_OPTIMIZATION_LEVEL = "-Onone";
				SWIFT_VERSION = 5.0;
				TARGETED_DEVICE_FAMILY = "1,2";
			};
			name = Release;
		};
		E8D68FBE2D32BE7700FD6971 /* Debug */ = {
			isa = XCBuildConfiguration;
			buildSettings = {
				ALWAYS_SEARCH_USER_PATHS = NO;
				ASSETCATALOG_COMPILER_GENERATE_SWIFT_ASSET_SYMBOL_EXTENSIONS = YES;
				CLANG_ANALYZER_NONNULL = YES;
				CLANG_ANALYZER_NUMBER_OBJECT_CONVERSION = YES_AGGRESSIVE;
				CLANG_CXX_LANGUAGE_STANDARD = "gnu++20";
				CLANG_ENABLE_MODULES = YES;
				CLANG_ENABLE_OBJC_ARC = YES;
				CLANG_ENABLE_OBJC_WEAK = YES;
				CLANG_WARN_BLOCK_CAPTURE_AUTORELEASING = YES;
				CLANG_WARN_BOOL_CONVERSION = YES;
				CLANG_WARN_COMMA = YES;
				CLANG_WARN_CONSTANT_CONVERSION = YES;
				CLANG_WARN_DEPRECATED_OBJC_IMPLEMENTATIONS = YES;
				CLANG_WARN_DIRECT_OBJC_ISA_USAGE = YES_ERROR;
				CLANG_WARN_DOCUMENTATION_COMMENTS = YES;
				CLANG_WARN_EMPTY_BODY = YES;
				CLANG_WARN_ENUM_CONVERSION = YES;
				CLANG_WARN_INFINITE_RECURSION = YES;
				CLANG_WARN_INT_CONVERSION = YES;
				CLANG_WARN_NON_LITERAL_NULL_CONVERSION = YES;
				CLANG_WARN_OBJC_IMPLICIT_RETAIN_SELF = YES;
				CLANG_WARN_OBJC_LITERAL_CONVERSION = YES;
				CLANG_WARN_OBJC_ROOT_CLASS = YES_ERROR;
				CLANG_WARN_QUOTED_INCLUDE_IN_FRAMEWORK_HEADER = YES;
				CLANG_WARN_RANGE_LOOP_ANALYSIS = YES;
				CLANG_WARN_STRICT_PROTOTYPES = YES;
				CLANG_WARN_SUSPICIOUS_MOVE = YES;
				CLANG_WARN_UNGUARDED_AVAILABILITY = YES_AGGRESSIVE;
				CLANG_WARN_UNREACHABLE_CODE = YES;
				CLANG_WARN__DUPLICATE_METHOD_MATCH = YES;
				COPY_PHASE_STRIP = NO;
				DEBUG_INFORMATION_FORMAT = dwarf;
				ENABLE_STRICT_OBJC_MSGSEND = YES;
				ENABLE_TESTABILITY = YES;
				ENABLE_USER_SCRIPT_SANDBOXING = NO;
				GCC_C_LANGUAGE_STANDARD = gnu17;
				GCC_DYNAMIC_NO_PIC = NO;
				GCC_NO_COMMON_BLOCKS = YES;
				GCC_OPTIMIZATION_LEVEL = 0;
				GCC_PREPROCESSOR_DEFINITIONS = (
					"DEBUG=1",
					"$(inherited)",
				);
				GCC_WARN_64_TO_32_BIT_CONVERSION = YES;
				GCC_WARN_ABOUT_RETURN_TYPE = YES_ERROR;
				GCC_WARN_UNDECLARED_SELECTOR = YES;
				GCC_WARN_UNINITIALIZED_AUTOS = YES_AGGRESSIVE;
				GCC_WARN_UNUSED_FUNCTION = YES;
				GCC_WARN_UNUSED_VARIABLE = YES;
				HEADER_SEARCH_PATHS = "$(SRCROOT)/AlWrite/MyScriptSDK";
				IPHONEOS_DEPLOYMENT_TARGET = 18.1;
				LOCALIZATION_PREFERS_STRING_CATALOGS = YES;
				MTL_ENABLE_DEBUG_INFO = INCLUDE_SOURCE;
				MTL_FAST_MATH = YES;
				ONLY_ACTIVE_ARCH = YES;
				SDKROOT = iphoneos;
				SWIFT_ACTIVE_COMPILATION_CONDITIONS = "DEBUG $(inherited)";
				SWIFT_OPTIMIZATION_LEVEL = "-Onone";
			};
			name = Debug;
		};
		E8D68FBF2D32BE7700FD6971 /* Release */ = {
			isa = XCBuildConfiguration;
			buildSettings = {
				ALWAYS_SEARCH_USER_PATHS = NO;
				ASSETCATALOG_COMPILER_GENERATE_SWIFT_ASSET_SYMBOL_EXTENSIONS = YES;
				CLANG_ANALYZER_NONNULL = YES;
				CLANG_ANALYZER_NUMBER_OBJECT_CONVERSION = YES_AGGRESSIVE;
				CLANG_CXX_LANGUAGE_STANDARD = "gnu++20";
				CLANG_ENABLE_MODULES = YES;
				CLANG_ENABLE_OBJC_ARC = YES;
				CLANG_ENABLE_OBJC_WEAK = YES;
				CLANG_WARN_BLOCK_CAPTURE_AUTORELEASING = YES;
				CLANG_WARN_BOOL_CONVERSION = YES;
				CLANG_WARN_COMMA = YES;
				CLANG_WARN_CONSTANT_CONVERSION = YES;
				CLANG_WARN_DEPRECATED_OBJC_IMPLEMENTATIONS = YES;
				CLANG_WARN_DIRECT_OBJC_ISA_USAGE = YES_ERROR;
				CLANG_WARN_DOCUMENTATION_COMMENTS = YES;
				CLANG_WARN_EMPTY_BODY = YES;
				CLANG_WARN_ENUM_CONVERSION = YES;
				CLANG_WARN_INFINITE_RECURSION = YES;
				CLANG_WARN_INT_CONVERSION = YES;
				CLANG_WARN_NON_LITERAL_NULL_CONVERSION = YES;
				CLANG_WARN_OBJC_IMPLICIT_RETAIN_SELF = YES;
				CLANG_WARN_OBJC_LITERAL_CONVERSION = YES;
				CLANG_WARN_OBJC_ROOT_CLASS = YES_ERROR;
				CLANG_WARN_QUOTED_INCLUDE_IN_FRAMEWORK_HEADER = YES;
				CLANG_WARN_RANGE_LOOP_ANALYSIS = YES;
				CLANG_WARN_STRICT_PROTOTYPES = YES;
				CLANG_WARN_SUSPICIOUS_MOVE = YES;
				CLANG_WARN_UNGUARDED_AVAILABILITY = YES_AGGRESSIVE;
				CLANG_WARN_UNREACHABLE_CODE = YES;
				CLANG_WARN__DUPLICATE_METHOD_MATCH = YES;
				COPY_PHASE_STRIP = NO;
				DEBUG_INFORMATION_FORMAT = "dwarf-with-dsym";
				ENABLE_NS_ASSERTIONS = NO;
				ENABLE_STRICT_OBJC_MSGSEND = YES;
				ENABLE_USER_SCRIPT_SANDBOXING = NO;
				GCC_C_LANGUAGE_STANDARD = gnu17;
				GCC_NO_COMMON_BLOCKS = YES;
				GCC_WARN_64_TO_32_BIT_CONVERSION = YES;
				GCC_WARN_ABOUT_RETURN_TYPE = YES_ERROR;
				GCC_WARN_UNDECLARED_SELECTOR = YES;
				GCC_WARN_UNINITIALIZED_AUTOS = YES_AGGRESSIVE;
				GCC_WARN_UNUSED_FUNCTION = YES;
				GCC_WARN_UNUSED_VARIABLE = YES;
				HEADER_SEARCH_PATHS = "$(SRCROOT)/AlWrite/MyScriptSDK";
				IPHONEOS_DEPLOYMENT_TARGET = 18.1;
				LOCALIZATION_PREFERS_STRING_CATALOGS = YES;
				MTL_ENABLE_DEBUG_INFO = NO;
				MTL_FAST_MATH = YES;
				SDKROOT = iphoneos;
				SWIFT_COMPILATION_MODE = wholemodule;
				VALIDATE_PRODUCT = YES;
			};
			name = Release;
		};
/* End XCBuildConfiguration section */

/* Begin XCConfigurationList section */
		E8D68FA42D32BE7600FD6971 /* Build configuration list for PBXProject "AlWrite" */ = {
			isa = XCConfigurationList;
			buildConfigurations = (
				E8D68FBE2D32BE7700FD6971 /* Debug */,
				E8D68FBF2D32BE7700FD6971 /* Release */,
			);
			defaultConfigurationIsVisible = 0;
			defaultConfigurationName = Release;
		};
		E8D68FBB2D32BE7700FD6971 /* Build configuration list for PBXNativeTarget "AlWrite" */ = {
			isa = XCConfigurationList;
			buildConfigurations = (
				E8D68FBC2D32BE7700FD6971 /* Debug */,
				E8D68FBD2D32BE7700FD6971 /* Release */,
			);
			defaultConfigurationIsVisible = 0;
			defaultConfigurationName = Release;
		};
/* End XCConfigurationList section */
	};
	rootObject = E8D68FA12D32BE7600FD6971 /* Project object */;
}
