// !$*UTF8*$!
{
	archiveVersion = 1;
	classes = {
	};
	objectVersion = 56;
	objects = {

/* Begin PBXBuildFile section */
		48788A85822464A4145DBBEF /* libPods-AlWrite.a in Frameworks */ = {isa = PBXBuildFile; fileRef = D81959886D989577728CC549 /* libPods-AlWrite.a */; };
		E80303B32D3EAD50003EE464 /* SceneDelegate.swift in Sources */ = {isa = PBXBuildFile; fileRef = E80303B22D3EAD50003EE464 /* SceneDelegate.swift */; };
		E80303B42D3EAD50003EE464 /* DrawingViewController.swift in Sources */ = {isa = PBXBuildFile; fileRef = E80303B02D3EAD50003EE464 /* DrawingViewController.swift */; };
		E80303B52D3EAD50003EE464 /* DocumentViewController.swift in Sources */ = {isa = PBXBuildFile; fileRef = E80303AF2D3EAD50003EE464 /* DocumentViewController.swift */; };
		E80303B62D3EAD50003EE464 /* AlWriteDocument.swift in Sources */ = {isa = PBXBuildFile; fileRef = E80303AC2D3EAD50003EE464 /* AlWriteDocument.swift */; };
		E80303B72D3EAD50003EE464 /* AppDelegate.swift in Sources */ = {isa = PBXBuildFile; fileRef = E80303AD2D3EAD50003EE464 /* AppDelegate.swift */; };
		E80303B82D3EAD51003EE464 /* Assets.xcassets in Resources */ = {isa = PBXBuildFile; fileRef = E80303AE2D3EAD50003EE464 /* Assets.xcassets */; };
		E80303BC2D3EAD59003EE464 /* LaunchScreen.storyboard in Resources */ = {isa = PBXBuildFile; fileRef = E80303BA2D3EAD59003EE464 /* LaunchScreen.storyboard */; };
		E80303FB2D4674FE003EE464 /* EngineProvider.swift in Sources */ = {isa = PBXBuildFile; fileRef = E80303FA2D4674F8003EE464 /* EngineProvider.swift */; };
		E8F380652D46785D0059D409 /* MyCertificate.c in Sources */ = {isa = PBXBuildFile; fileRef = E8F380632D46785D0059D409 /* MyCertificate.c */; };
		E8F380872D4678D50059D409 /* EditorViewModel.swift in Sources */ = {isa = PBXBuildFile; fileRef = E8F3806C2D4678D50059D409 /* EditorViewModel.swift */; };
		E8F380882D4678D50059D409 /* NSAttributedString+Helper.swift in Sources */ = {isa = PBXBuildFile; fileRef = E8F3807D2D4678D50059D409 /* NSAttributedString+Helper.swift */; };
		E8F380892D4678D50059D409 /* DisplayViewController.swift in Sources */ = {isa = PBXBuildFile; fileRef = E8F380672D4678D50059D409 /* DisplayViewController.swift */; };
		E8F3808A2D4678D50059D409 /* UIFont+Helper.swift in Sources */ = {isa = PBXBuildFile; fileRef = E8F380822D4678D50059D409 /* UIFont+Helper.swift */; };
		E8F3808B2D4678D50059D409 /* Helper.swift in Sources */ = {isa = PBXBuildFile; fileRef = E8F380792D4678D50059D409 /* Helper.swift */; };
		E8F3808C2D4678D50059D409 /* InputView.swift in Sources */ = {isa = PBXBuildFile; fileRef = E8F380722D4678D50059D409 /* InputView.swift */; };
		E8F3808D2D4678D50059D409 /* Path.swift in Sources */ = {isa = PBXBuildFile; fileRef = E8F3807F2D4678D50059D409 /* Path.swift */; };
		E8F3808E2D4678D50059D409 /* OffscreenRenderSurfaces.swift in Sources */ = {isa = PBXBuildFile; fileRef = E8F380732D4678D50059D409 /* OffscreenRenderSurfaces.swift */; };
		E8F3808F2D4678D50059D409 /* RenderView.swift in Sources */ = {isa = PBXBuildFile; fileRef = E8F380742D4678D50059D409 /* RenderView.swift */; };
		E8F380902D4678D50059D409 /* ImageLoader.swift in Sources */ = {isa = PBXBuildFile; fileRef = E8F3807B2D4678D50059D409 /* ImageLoader.swift */; };
		E8F380912D4678D50059D409 /* TextFormatHelper.swift in Sources */ = {isa = PBXBuildFile; fileRef = E8F380812D4678D50059D409 /* TextFormatHelper.swift */; };
		E8F380922D4678D50059D409 /* NSFileManager+Additions.swift in Sources */ = {isa = PBXBuildFile; fileRef = E8F3807E2D4678D50059D409 /* NSFileManager+Additions.swift */; };
		E8F380932D4678D50059D409 /* Canvas.swift in Sources */ = {isa = PBXBuildFile; fileRef = E8F380712D4678D50059D409 /* Canvas.swift */; };
		E8F380942D4678D50059D409 /* SmartGuideViewController.mm in Sources */ = {isa = PBXBuildFile; fileRef = E8F3806F2D4678D50059D409 /* SmartGuideViewController.mm */; };
		E8F380952D4678D50059D409 /* CTRun+Metrics.swift in Sources */ = {isa = PBXBuildFile; fileRef = E8F380772D4678D50059D409 /* CTRun+Metrics.swift */; };
		E8F380962D4678D50059D409 /* SynchronizedSwift.swift in Sources */ = {isa = PBXBuildFile; fileRef = E8F380802D4678D50059D409 /* SynchronizedSwift.swift */; };
		E8F380972D4678D50059D409 /* FontMetricsProvider.swift in Sources */ = {isa = PBXBuildFile; fileRef = E8F380782D4678D50059D409 /* FontMetricsProvider.swift */; };
		E8F380982D4678D50059D409 /* IInkUIRefImplUtils.swift in Sources */ = {isa = PBXBuildFile; fileRef = E8F3807A2D4678D50059D409 /* IInkUIRefImplUtils.swift */; };
		E8F380992D4678D50059D409 /* DisplayViewModel.swift in Sources */ = {isa = PBXBuildFile; fileRef = E8F380682D4678D50059D409 /* DisplayViewModel.swift */; };
		E8F3809A2D4678D50059D409 /* DisplayModel.swift in Sources */ = {isa = PBXBuildFile; fileRef = E8F380662D4678D50059D409 /* DisplayModel.swift */; };
		E8F3809B2D4678D50059D409 /* EditorModel.swift in Sources */ = {isa = PBXBuildFile; fileRef = E8F3806A2D4678D50059D409 /* EditorModel.swift */; };
		E8F3809C2D4678D50059D409 /* ContextualActionsHelper.swift in Sources */ = {isa = PBXBuildFile; fileRef = E8F380762D4678D50059D409 /* ContextualActionsHelper.swift */; };
		E8F3809D2D4678D50059D409 /* EditorViewController.swift in Sources */ = {isa = PBXBuildFile; fileRef = E8F3806B2D4678D50059D409 /* EditorViewController.swift */; };
		E8F3809E2D4678D50059D409 /* ImagePainter.swift in Sources */ = {isa = PBXBuildFile; fileRef = E8F3807C2D4678D50059D409 /* ImagePainter.swift */; };
/* End PBXBuildFile section */

/* Begin PBXFileReference section */
		09FCEC16E30F685E3BFEC03A /* Pods-AlWrite.release.xcconfig */ = {isa = PBXFileReference; includeInIndex = 1; lastKnownFileType = text.xcconfig; name = "Pods-AlWrite.release.xcconfig"; path = "Target Support Files/Pods-AlWrite/Pods-AlWrite.release.xcconfig"; sourceTree = "<group>"; };
		3EF3E087C908554DAA08E676 /* Pods-AlWrite.debug.xcconfig */ = {isa = PBXFileReference; includeInIndex = 1; lastKnownFileType = text.xcconfig; name = "Pods-AlWrite.debug.xcconfig"; path = "Target Support Files/Pods-AlWrite/Pods-AlWrite.debug.xcconfig"; sourceTree = "<group>"; };
		D81959886D989577728CC549 /* libPods-AlWrite.a */ = {isa = PBXFileReference; explicitFileType = archive.ar; includeInIndex = 0; path = "libPods-AlWrite.a"; sourceTree = BUILT_PRODUCTS_DIR; };
		E80303AC2D3EAD50003EE464 /* AlWriteDocument.swift */ = {isa = PBXFileReference; lastKnownFileType = sourcecode.swift; path = AlWriteDocument.swift; sourceTree = "<group>"; };
		E80303AD2D3EAD50003EE464 /* AppDelegate.swift */ = {isa = PBXFileReference; lastKnownFileType = sourcecode.swift; path = AppDelegate.swift; sourceTree = "<group>"; };
		E80303AE2D3EAD50003EE464 /* Assets.xcassets */ = {isa = PBXFileReference; lastKnownFileType = folder.assetcatalog; path = Assets.xcassets; sourceTree = "<group>"; };
		E80303AF2D3EAD50003EE464 /* DocumentViewController.swift */ = {isa = PBXFileReference; lastKnownFileType = sourcecode.swift; path = DocumentViewController.swift; sourceTree = "<group>"; };
		E80303B02D3EAD50003EE464 /* DrawingViewController.swift */ = {isa = PBXFileReference; lastKnownFileType = sourcecode.swift; path = DrawingViewController.swift; sourceTree = "<group>"; };
		E80303B22D3EAD50003EE464 /* SceneDelegate.swift */ = {isa = PBXFileReference; lastKnownFileType = sourcecode.swift; path = SceneDelegate.swift; sourceTree = "<group>"; };
		E80303BB2D3EAD59003EE464 /* Base */ = {isa = PBXFileReference; lastKnownFileType = file.storyboard; name = Base; path = Base.lproj/LaunchScreen.storyboard; sourceTree = "<group>"; };
		E80303FA2D4674F8003EE464 /* EngineProvider.swift */ = {isa = PBXFileReference; lastKnownFileType = sourcecode.swift; path = EngineProvider.swift; sourceTree = "<group>"; };
		E8D68FA92D32BE7600FD6971 /* AlWrite.app */ = {isa = PBXFileReference; explicitFileType = wrapper.application; includeInIndex = 0; path = AlWrite.app; sourceTree = BUILT_PRODUCTS_DIR; };
		E8F380622D46785D0059D409 /* MyCertificate.h */ = {isa = PBXFileReference; lastKnownFileType = sourcecode.c.h; path = MyCertificate.h; sourceTree = "<group>"; };
		E8F380632D46785D0059D409 /* MyCertificate.c */ = {isa = PBXFileReference; lastKnownFileType = sourcecode.c.c; path = MyCertificate.c; sourceTree = "<group>"; };
		E8F380662D4678D50059D409 /* DisplayModel.swift */ = {isa = PBXFileReference; lastKnownFileType = sourcecode.swift; path = DisplayModel.swift; sourceTree = "<group>"; };
		E8F380672D4678D50059D409 /* DisplayViewController.swift */ = {isa = PBXFileReference; lastKnownFileType = sourcecode.swift; path = DisplayViewController.swift; sourceTree = "<group>"; };
		E8F380682D4678D50059D409 /* DisplayViewModel.swift */ = {isa = PBXFileReference; lastKnownFileType = sourcecode.swift; path = DisplayViewModel.swift; sourceTree = "<group>"; };
		E8F3806A2D4678D50059D409 /* EditorModel.swift */ = {isa = PBXFileReference; lastKnownFileType = sourcecode.swift; path = EditorModel.swift; sourceTree = "<group>"; };
		E8F3806B2D4678D50059D409 /* EditorViewController.swift */ = {isa = PBXFileReference; lastKnownFileType = sourcecode.swift; path = EditorViewController.swift; sourceTree = "<group>"; };
		E8F3806C2D4678D50059D409 /* EditorViewModel.swift */ = {isa = PBXFileReference; lastKnownFileType = sourcecode.swift; path = EditorViewModel.swift; sourceTree = "<group>"; };
		E8F3806E2D4678D50059D409 /* SmartGuideViewController.h */ = {isa = PBXFileReference; lastKnownFileType = sourcecode.c.h; path = SmartGuideViewController.h; sourceTree = "<group>"; };
		E8F3806F2D4678D50059D409 /* SmartGuideViewController.mm */ = {isa = PBXFileReference; lastKnownFileType = sourcecode.cpp.objcpp; path = SmartGuideViewController.mm; sourceTree = "<group>"; };
		E8F380712D4678D50059D409 /* Canvas.swift */ = {isa = PBXFileReference; lastKnownFileType = sourcecode.swift; path = Canvas.swift; sourceTree = "<group>"; };
		E8F380722D4678D50059D409 /* InputView.swift */ = {isa = PBXFileReference; lastKnownFileType = sourcecode.swift; path = InputView.swift; sourceTree = "<group>"; };
		E8F380732D4678D50059D409 /* OffscreenRenderSurfaces.swift */ = {isa = PBXFileReference; lastKnownFileType = sourcecode.swift; path = OffscreenRenderSurfaces.swift; sourceTree = "<group>"; };
		E8F380742D4678D50059D409 /* RenderView.swift */ = {isa = PBXFileReference; lastKnownFileType = sourcecode.swift; path = RenderView.swift; sourceTree = "<group>"; };
		E8F380762D4678D50059D409 /* ContextualActionsHelper.swift */ = {isa = PBXFileReference; lastKnownFileType = sourcecode.swift; path = ContextualActionsHelper.swift; sourceTree = "<group>"; };
		E8F380772D4678D50059D409 /* CTRun+Metrics.swift */ = {isa = PBXFileReference; lastKnownFileType = sourcecode.swift; path = "CTRun+Metrics.swift"; sourceTree = "<group>"; };
		E8F380782D4678D50059D409 /* FontMetricsProvider.swift */ = {isa = PBXFileReference; lastKnownFileType = sourcecode.swift; path = FontMetricsProvider.swift; sourceTree = "<group>"; };
		E8F380792D4678D50059D409 /* Helper.swift */ = {isa = PBXFileReference; lastKnownFileType = sourcecode.swift; path = Helper.swift; sourceTree = "<group>"; };
		E8F3807A2D4678D50059D409 /* IInkUIRefImplUtils.swift */ = {isa = PBXFileReference; lastKnownFileType = sourcecode.swift; path = IInkUIRefImplUtils.swift; sourceTree = "<group>"; };
		E8F3807B2D4678D50059D409 /* ImageLoader.swift */ = {isa = PBXFileReference; lastKnownFileType = sourcecode.swift; path = ImageLoader.swift; sourceTree = "<group>"; };
		E8F3807C2D4678D50059D409 /* ImagePainter.swift */ = {isa = PBXFileReference; lastKnownFileType = sourcecode.swift; path = ImagePainter.swift; sourceTree = "<group>"; };
		E8F3807D2D4678D50059D409 /* NSAttributedString+Helper.swift */ = {isa = PBXFileReference; lastKnownFileType = sourcecode.swift; path = "NSAttributedString+Helper.swift"; sourceTree = "<group>"; };
		E8F3807E2D4678D50059D409 /* NSFileManager+Additions.swift */ = {isa = PBXFileReference; lastKnownFileType = sourcecode.swift; path = "NSFileManager+Additions.swift"; sourceTree = "<group>"; };
		E8F3807F2D4678D50059D409 /* Path.swift */ = {isa = PBXFileReference; lastKnownFileType = sourcecode.swift; path = Path.swift; sourceTree = "<group>"; };
		E8F380802D4678D50059D409 /* SynchronizedSwift.swift */ = {isa = PBXFileReference; lastKnownFileType = sourcecode.swift; path = SynchronizedSwift.swift; sourceTree = "<group>"; };
		E8F380812D4678D50059D409 /* TextFormatHelper.swift */ = {isa = PBXFileReference; lastKnownFileType = sourcecode.swift; path = TextFormatHelper.swift; sourceTree = "<group>"; };
		E8F380822D4678D50059D409 /* UIFont+Helper.swift */ = {isa = PBXFileReference; lastKnownFileType = sourcecode.swift; path = "UIFont+Helper.swift"; sourceTree = "<group>"; };
		E8F380842D4678D50059D409 /* IInkUIReferenceImplementation.h */ = {isa = PBXFileReference; lastKnownFileType = sourcecode.c.h; path = IInkUIReferenceImplementation.h; sourceTree = "<group>"; };
		E8F380852D4678D50059D409 /* IInkUIReferenceImplementation-Bridging-Header.h */ = {isa = PBXFileReference; lastKnownFileType = sourcecode.c.h; path = "IInkUIReferenceImplementation-Bridging-Header.h"; sourceTree = "<group>"; };
/* End PBXFileReference section */

/* Begin PBXFrameworksBuildPhase section */
		E8D68FA62D32BE7600FD6971 /* Frameworks */ = {
			isa = PBXFrameworksBuildPhase;
			buildActionMask = 2147483647;
			files = (
				48788A85822464A4145DBBEF /* libPods-AlWrite.a in Frameworks */,
			);
			runOnlyForDeploymentPostprocessing = 0;
		};
/* End PBXFrameworksBuildPhase section */

/* Begin PBXGroup section */
		16CE4DB41704BE2B01193DD8 /* Frameworks */ = {
			isa = PBXGroup;
			children = (
				D81959886D989577728CC549 /* libPods-AlWrite.a */,
			);
			name = Frameworks;
			sourceTree = "<group>";
		};
		62FE5F92971BAB2EA16D7341 /* Pods */ = {
			isa = PBXGroup;
			children = (
				3EF3E087C908554DAA08E676 /* Pods-AlWrite.debug.xcconfig */,
				09FCEC16E30F685E3BFEC03A /* Pods-AlWrite.release.xcconfig */,
			);
			path = Pods;
			sourceTree = "<group>";
		};
		E8D68FA02D32BE7600FD6971 = {
			isa = PBXGroup;
			children = (
				E8D68FAB2D32BE7600FD6971 /* AlWrite */,
				E8D68FAA2D32BE7600FD6971 /* Products */,
				62FE5F92971BAB2EA16D7341 /* Pods */,
				16CE4DB41704BE2B01193DD8 /* Frameworks */,
			);
			sourceTree = "<group>";
		};
		E8D68FAA2D32BE7600FD6971 /* Products */ = {
			isa = PBXGroup;
			children = (
				E8D68FA92D32BE7600FD6971 /* AlWrite.app */,
			);
			name = Products;
			sourceTree = "<group>";
		};
		E8D68FAB2D32BE7600FD6971 /* AlWrite */ = {
			isa = PBXGroup;
			children = (
				E80303AC2D3EAD50003EE464 /* AlWriteDocument.swift */,
				E8F380642D46785D0059D409 /* MyScriptSDK */,
				E80303AD2D3EAD50003EE464 /* AppDelegate.swift */,
				E80303AE2D3EAD50003EE464 /* Assets.xcassets */,
				E80303AF2D3EAD50003EE464 /* DocumentViewController.swift */,
				E80303BA2D3EAD59003EE464 /* LaunchScreen.storyboard */,
				E80303B02D3EAD50003EE464 /* DrawingViewController.swift */,
				E80303FA2D4674F8003EE464 /* EngineProvider.swift */,
				E80303B22D3EAD50003EE464 /* SceneDelegate.swift */,
			);
			path = AlWrite;
			sourceTree = "<group>";
		};
		E8F380642D46785D0059D409 /* MyScriptSDK */ = {
			isa = PBXGroup;
			children = (
				E8F380852D4678D50059D409 /* IInkUIReferenceImplementation-Bridging-Header.h */,
				E8F380842D4678D50059D409 /* IInkUIReferenceImplementation.h */,
				E8F380622D46785D0059D409 /* MyCertificate.h */,
				E8F380632D46785D0059D409 /* MyCertificate.c */,
				E8F380862D4678D50059D409 /* IInkUIReferenceImplementation */,
			);
			path = MyScriptSDK;
			sourceTree = "<group>";
		};
		E8F380692D4678D50059D409 /* Display */ = {
			isa = PBXGroup;
			children = (
				E8F380662D4678D50059D409 /* DisplayModel.swift */,
				E8F380672D4678D50059D409 /* DisplayViewController.swift */,
				E8F380682D4678D50059D409 /* DisplayViewModel.swift */,
			);
			path = Display;
			sourceTree = "<group>";
		};
		E8F3806D2D4678D50059D409 /* Editor */ = {
			isa = PBXGroup;
			children = (
				E8F3806A2D4678D50059D409 /* EditorModel.swift */,
				E8F3806B2D4678D50059D409 /* EditorViewController.swift */,
				E8F3806C2D4678D50059D409 /* EditorViewModel.swift */,
			);
			path = Editor;
			sourceTree = "<group>";
		};
		E8F380702D4678D50059D409 /* SmartGuide */ = {
			isa = PBXGroup;
			children = (
				E8F3806E2D4678D50059D409 /* SmartGuideViewController.h */,
				E8F3806F2D4678D50059D409 /* SmartGuideViewController.mm */,
			);
			path = SmartGuide;
			sourceTree = "<group>";
		};
		E8F380752D4678D50059D409 /* UIObjects */ = {
			isa = PBXGroup;
			children = (
				E8F380712D4678D50059D409 /* Canvas.swift */,
				E8F380722D4678D50059D409 /* InputView.swift */,
				E8F380732D4678D50059D409 /* OffscreenRenderSurfaces.swift */,
				E8F380742D4678D50059D409 /* RenderView.swift */,
			);
			path = UIObjects;
			sourceTree = "<group>";
		};
		E8F380832D4678D50059D409 /* Utils */ = {
			isa = PBXGroup;
			children = (
				E8F380762D4678D50059D409 /* ContextualActionsHelper.swift */,
				E8F380772D4678D50059D409 /* CTRun+Metrics.swift */,
				E8F380782D4678D50059D409 /* FontMetricsProvider.swift */,
				E8F380792D4678D50059D409 /* Helper.swift */,
				E8F3807A2D4678D50059D409 /* IInkUIRefImplUtils.swift */,
				E8F3807B2D4678D50059D409 /* ImageLoader.swift */,
				E8F3807C2D4678D50059D409 /* ImagePainter.swift */,
				E8F3807D2D4678D50059D409 /* NSAttributedString+Helper.swift */,
				E8F3807E2D4678D50059D409 /* NSFileManager+Additions.swift */,
				E8F3807F2D4678D50059D409 /* Path.swift */,
				E8F380802D4678D50059D409 /* SynchronizedSwift.swift */,
				E8F380812D4678D50059D409 /* TextFormatHelper.swift */,
				E8F380822D4678D50059D409 /* UIFont+Helper.swift */,
			);
			path = Utils;
			sourceTree = "<group>";
		};
		E8F380862D4678D50059D409 /* IInkUIReferenceImplementation */ = {
			isa = PBXGroup;
			children = (
				E8F380692D4678D50059D409 /* Display */,
				E8F3806D2D4678D50059D409 /* Editor */,
				E8F380702D4678D50059D409 /* SmartGuide */,
				E8F380752D4678D50059D409 /* UIObjects */,
				E8F380832D4678D50059D409 /* Utils */,
			);
			path = IInkUIReferenceImplementation;
			sourceTree = "<group>";
		};
/* End PBXGroup section */

/* Begin PBXNativeTarget section */
		E8D68FA82D32BE7600FD6971 /* AlWrite */ = {
			isa = PBXNativeTarget;
			buildConfigurationList = E8D68FBB2D32BE7700FD6971 /* Build configuration list for PBXNativeTarget "AlWrite" */;
			buildPhases = (
				9B8ABAB03F8B213F81F2960D /* [CP] Check Pods Manifest.lock */,
				E8D68FA52D32BE7600FD6971 /* Sources */,
				E8D68FA62D32BE7600FD6971 /* Frameworks */,
				E8D68FA72D32BE7600FD6971 /* Resources */,
			);
			buildRules = (
			);
			dependencies = (
			);
			name = AlWrite;
			productName = AlWrite;
			productReference = E8D68FA92D32BE7600FD6971 /* AlWrite.app */;
			productType = "com.apple.product-type.application";
		};
/* End PBXNativeTarget section */

/* Begin PBXProject section */
		E8D68FA12D32BE7600FD6971 /* Project object */ = {
			isa = PBXProject;
			attributes = {
				BuildIndependentTargetsInParallel = 1;
				LastSwiftUpdateCheck = 1610;
				LastUpgradeCheck = 1620;
				TargetAttributes = {
					E8D68FA82D32BE7600FD6971 = {
						CreatedOnToolsVersion = 16.1;
						LastSwiftMigration = 1620;
					};
				};
			};
			buildConfigurationList = E8D68FA42D32BE7600FD6971 /* Build configuration list for PBXProject "AlWrite" */;
			compatibilityVersion = "Xcode 14.0";
			developmentRegion = en;
			hasScannedForEncodings = 0;
			knownRegions = (
				en,
				Base,
			);
			mainGroup = E8D68FA02D32BE7600FD6971;
			productRefGroup = E8D68FAA2D32BE7600FD6971 /* Products */;
			projectDirPath = "";
			projectRoot = "";
			targets = (
				E8D68FA82D32BE7600FD6971 /* AlWrite */,
			);
		};
/* End PBXProject section */

/* Begin PBXResourcesBuildPhase section */
		E8D68FA72D32BE7600FD6971 /* Resources */ = {
			isa = PBXResourcesBuildPhase;
			buildActionMask = 2147483647;
			files = (
				E80303BC2D3EAD59003EE464 /* LaunchScreen.storyboard in Resources */,
				E80303B82D3EAD51003EE464 /* Assets.xcassets in Resources */,
			);
			runOnlyForDeploymentPostprocessing = 0;
		};
/* End PBXResourcesBuildPhase section */

/* Begin PBXShellScriptBuildPhase section */
		9B8ABAB03F8B213F81F2960D /* [CP] Check Pods Manifest.lock */ = {
			isa = PBXShellScriptBuildPhase;
			buildActionMask = 2147483647;
			files = (
			);
			inputFileListPaths = (
			);
			inputPaths = (
				"${PODS_PODFILE_DIR_PATH}/Podfile.lock",
				"${PODS_ROOT}/Manifest.lock",
			);
			name = "[CP] Check Pods Manifest.lock";
			outputFileListPaths = (
			);
			outputPaths = (
				"$(DERIVED_FILE_DIR)/Pods-AlWrite-checkManifestLockResult.txt",
			);
			runOnlyForDeploymentPostprocessing = 0;
			shellPath = /bin/sh;
			shellScript = "diff \"${PODS_PODFILE_DIR_PATH}/Podfile.lock\" \"${PODS_ROOT}/Manifest.lock\" > /dev/null\nif [ $? != 0 ] ; then\n    # print error to STDERR\n    echo \"error: The sandbox is not in sync with the Podfile.lock. Run 'pod install' or update your CocoaPods installation.\" >&2\n    exit 1\nfi\n# This output is used by Xcode 'outputs' to avoid re-running this script phase.\necho \"SUCCESS\" > \"${SCRIPT_OUTPUT_FILE_0}\"\n";
			showEnvVarsInLog = 0;
		};
/* End PBXShellScriptBuildPhase section */

/* Begin PBXSourcesBuildPhase section */
		E8D68FA52D32BE7600FD6971 /* Sources */ = {
			isa = PBXSourcesBuildPhase;
			buildActionMask = 2147483647;
			files = (
				E80303FB2D4674FE003EE464 /* EngineProvider.swift in Sources */,
				E80303B32D3EAD50003EE464 /* SceneDelegate.swift in Sources */,
				E80303B42D3EAD50003EE464 /* DrawingViewController.swift in Sources */,
				E8F380652D46785D0059D409 /* MyCertificate.c in Sources */,
				E80303B52D3EAD50003EE464 /* DocumentViewController.swift in Sources */,
				E80303B62D3EAD50003EE464 /* AlWriteDocument.swift in Sources */,
				E8F380872D4678D50059D409 /* EditorViewModel.swift in Sources */,
				E8F380882D4678D50059D409 /* NSAttributedString+Helper.swift in Sources */,
				E8F380892D4678D50059D409 /* DisplayViewController.swift in Sources */,
				E8F3808A2D4678D50059D409 /* UIFont+Helper.swift in Sources */,
				E8F3808B2D4678D50059D409 /* Helper.swift in Sources */,
				E8F3808C2D4678D50059D409 /* InputView.swift in Sources */,
				E8F3808D2D4678D50059D409 /* Path.swift in Sources */,
				E8F3808E2D4678D50059D409 /* OffscreenRenderSurfaces.swift in Sources */,
				E8F3808F2D4678D50059D409 /* RenderView.swift in Sources */,
				E8F380902D4678D50059D409 /* ImageLoader.swift in Sources */,
				E8F380912D4678D50059D409 /* TextFormatHelper.swift in Sources */,
				E8F380922D4678D50059D409 /* NSFileManager+Additions.swift in Sources */,
				E8F380932D4678D50059D409 /* Canvas.swift in Sources */,
				E8F380942D4678D50059D409 /* SmartGuideViewController.mm in Sources */,
				E8F380952D4678D50059D409 /* CTRun+Metrics.swift in Sources */,
				E8F380962D4678D50059D409 /* SynchronizedSwift.swift in Sources */,
				E8F380972D4678D50059D409 /* FontMetricsProvider.swift in Sources */,
				E8F380982D4678D50059D409 /* IInkUIRefImplUtils.swift in Sources */,
				E8F380992D4678D50059D409 /* DisplayViewModel.swift in Sources */,
				E8F3809A2D4678D50059D409 /* DisplayModel.swift in Sources */,
				E8F3809B2D4678D50059D409 /* EditorModel.swift in Sources */,
				E8F3809C2D4678D50059D409 /* ContextualActionsHelper.swift in Sources */,
				E8F3809D2D4678D50059D409 /* EditorViewController.swift in Sources */,
				E8F3809E2D4678D50059D409 /* ImagePainter.swift in Sources */,
				E80303B72D3EAD50003EE464 /* AppDelegate.swift in Sources */,
			);
			runOnlyForDeploymentPostprocessing = 0;
		};
/* End PBXSourcesBuildPhase section */

/* Begin PBXVariantGroup section */
		E80303BA2D3EAD59003EE464 /* LaunchScreen.storyboard */ = {
			isa = PBXVariantGroup;
			children = (
				E80303BB2D3EAD59003EE464 /* Base */,
			);
			name = LaunchScreen.storyboard;
			sourceTree = "<group>";
		};
/* End PBXVariantGroup section */

/* Begin XCBuildConfiguration section */
		E8D68FBC2D32BE7700FD6971 /* Debug */ = {
			isa = XCBuildConfiguration;
			baseConfigurationReference = 3EF3E087C908554DAA08E676 /* Pods-AlWrite.debug.xcconfig */;
			buildSettings = {
				ASSETCATALOG_COMPILER_APPICON_NAME = AppIcon;
				ASSETCATALOG_COMPILER_GLOBAL_ACCENT_COLOR_NAME = AccentColor;
				CLANG_ENABLE_MODULES = YES;
				CODE_SIGN_STYLE = Automatic;
				CURRENT_PROJECT_VERSION = 1;
				DEVELOPMENT_TEAM = J7Q99VT33B;
				GENERATE_INFOPLIST_FILE = YES;
				INFOPLIST_FILE = AlWrite/Info.plist;
				INFOPLIST_KEY_UIApplicationSupportsIndirectInputEvents = YES;
				INFOPLIST_KEY_UILaunchStoryboardName = LaunchScreen;
				INFOPLIST_KEY_UISupportedInterfaceOrientations_iPad = "UIInterfaceOrientationPortrait UIInterfaceOrientationPortraitUpsideDown UIInterfaceOrientationLandscapeLeft UIInterfaceOrientationLandscapeRight";
				INFOPLIST_KEY_UISupportedInterfaceOrientations_iPhone = "UIInterfaceOrientationPortrait UIInterfaceOrientationLandscapeLeft UIInterfaceOrientationLandscapeRight";
				INFOPLIST_KEY_UISupportsDocumentBrowser = YES;
				LD_RUNPATH_SEARCH_PATHS = (
					"$(inherited)",
					"@executable_path/Frameworks",
				);
				MARKETING_VERSION = 1.0;
				PRODUCT_BUNDLE_IDENTIFIER = com.trofimpetyanov.AlWrite;
				PRODUCT_NAME = "$(TARGET_NAME)";
				SWIFT_EMIT_LOC_STRINGS = YES;
				SWIFT_OPTIMIZATION_LEVEL = "-Onone";
				SWIFT_VERSION = 5.0;
				TARGETED_DEVICE_FAMILY = "1,2";
			};
			name = Debug;
		};
		E8D68FBD2D32BE7700FD6971 /* Release */ = {
			isa = XCBuildConfiguration;
			baseConfigurationReference = 09FCEC16E30F685E3BFEC03A /* Pods-AlWrite.release.xcconfig */;
			buildSettings = {
				ASSETCATALOG_COMPILER_APPICON_NAME = AppIcon;
				ASSETCATALOG_COMPILER_GLOBAL_ACCENT_COLOR_NAME = AccentColor;
				CLANG_ENABLE_MODULES = YES;
				CODE_SIGN_STYLE = Automatic;
				CURRENT_PROJECT_VERSION = 1;
				DEVELOPMENT_TEAM = J7Q99VT33B;
				GENERATE_INFOPLIST_FILE = YES;
				INFOPLIST_FILE = AlWrite/Info.plist;
				INFOPLIST_KEY_UIApplicationSupportsIndirectInputEvents = YES;
				INFOPLIST_KEY_UILaunchStoryboardName = LaunchScreen;
				INFOPLIST_KEY_UISupportedInterfaceOrientations_iPad = "UIInterfaceOrientationPortrait UIInterfaceOrientationPortraitUpsideDown UIInterfaceOrientationLandscapeLeft UIInterfaceOrientationLandscapeRight";
				INFOPLIST_KEY_UISupportedInterfaceOrientations_iPhone = "UIInterfaceOrientationPortrait UIInterfaceOrientationLandscapeLeft UIInterfaceOrientationLandscapeRight";
				INFOPLIST_KEY_UISupportsDocumentBrowser = YES;
				LD_RUNPATH_SEARCH_PATHS = (
					"$(inherited)",
					"@executable_path/Frameworks",
				);
				MARKETING_VERSION = 1.0;
				PRODUCT_BUNDLE_IDENTIFIER = com.trofimpetyanov.AlWrite;
				PRODUCT_NAME = "$(TARGET_NAME)";
				SWIFT_EMIT_LOC_STRINGS = YES;
				SWIFT_VERSION = 5.0;
				TARGETED_DEVICE_FAMILY = "1,2";
			};
			name = Release;
		};
		E8D68FBE2D32BE7700FD6971 /* Debug */ = {
			isa = XCBuildConfiguration;
			buildSettings = {
				ALWAYS_SEARCH_USER_PATHS = NO;
				ASSETCATALOG_COMPILER_GENERATE_SWIFT_ASSET_SYMBOL_EXTENSIONS = YES;
				CLANG_ANALYZER_NONNULL = YES;
				CLANG_ANALYZER_NUMBER_OBJECT_CONVERSION = YES_AGGRESSIVE;
				CLANG_CXX_LANGUAGE_STANDARD = "gnu++20";
				CLANG_ENABLE_MODULES = YES;
				CLANG_ENABLE_OBJC_ARC = YES;
				CLANG_ENABLE_OBJC_WEAK = YES;
				CLANG_WARN_BLOCK_CAPTURE_AUTORELEASING = YES;
				CLANG_WARN_BOOL_CONVERSION = YES;
				CLANG_WARN_COMMA = YES;
				CLANG_WARN_CONSTANT_CONVERSION = YES;
				CLANG_WARN_DEPRECATED_OBJC_IMPLEMENTATIONS = YES;
				CLANG_WARN_DIRECT_OBJC_ISA_USAGE = YES_ERROR;
				CLANG_WARN_DOCUMENTATION_COMMENTS = YES;
				CLANG_WARN_EMPTY_BODY = YES;
				CLANG_WARN_ENUM_CONVERSION = YES;
				CLANG_WARN_INFINITE_RECURSION = YES;
				CLANG_WARN_INT_CONVERSION = YES;
				CLANG_WARN_NON_LITERAL_NULL_CONVERSION = YES;
				CLANG_WARN_OBJC_IMPLICIT_RETAIN_SELF = YES;
				CLANG_WARN_OBJC_LITERAL_CONVERSION = YES;
				CLANG_WARN_OBJC_ROOT_CLASS = YES_ERROR;
				CLANG_WARN_QUOTED_INCLUDE_IN_FRAMEWORK_HEADER = YES;
				CLANG_WARN_RANGE_LOOP_ANALYSIS = YES;
				CLANG_WARN_STRICT_PROTOTYPES = YES;
				CLANG_WARN_SUSPICIOUS_MOVE = YES;
				CLANG_WARN_UNGUARDED_AVAILABILITY = YES_AGGRESSIVE;
				CLANG_WARN_UNREACHABLE_CODE = YES;
				CLANG_WARN__DUPLICATE_METHOD_MATCH = YES;
				COPY_PHASE_STRIP = NO;
				DEBUG_INFORMATION_FORMAT = dwarf;
				ENABLE_STRICT_OBJC_MSGSEND = YES;
				ENABLE_TESTABILITY = YES;
				ENABLE_USER_SCRIPT_SANDBOXING = YES;
				GCC_C_LANGUAGE_STANDARD = gnu17;
				GCC_DYNAMIC_NO_PIC = NO;
				GCC_NO_COMMON_BLOCKS = YES;
				GCC_OPTIMIZATION_LEVEL = 0;
				GCC_PREPROCESSOR_DEFINITIONS = (
					"DEBUG=1",
					"$(inherited)",
				);
				GCC_WARN_64_TO_32_BIT_CONVERSION = YES;
				GCC_WARN_ABOUT_RETURN_TYPE = YES_ERROR;
				GCC_WARN_UNDECLARED_SELECTOR = YES;
				GCC_WARN_UNINITIALIZED_AUTOS = YES_AGGRESSIVE;
				GCC_WARN_UNUSED_FUNCTION = YES;
				GCC_WARN_UNUSED_VARIABLE = YES;
				HEADER_SEARCH_PATHS = "$(SRCROOT)/AlWrite/MyScriptSDK";
				IPHONEOS_DEPLOYMENT_TARGET = 18.1;
				LOCALIZATION_PREFERS_STRING_CATALOGS = YES;
				MTL_ENABLE_DEBUG_INFO = INCLUDE_SOURCE;
				MTL_FAST_MATH = YES;
				ONLY_ACTIVE_ARCH = YES;
				SDKROOT = iphoneos;
				SWIFT_ACTIVE_COMPILATION_CONDITIONS = "DEBUG $(inherited)";
				SWIFT_OBJC_BRIDGING_HEADER = "AlWrite/MyScriptSDK/IInkUIReferenceImplementation-Bridging-Header.h";
				SWIFT_OPTIMIZATION_LEVEL = "-Onone";
			};
			name = Debug;
		};
		E8D68FBF2D32BE7700FD6971 /* Release */ = {
			isa = XCBuildConfiguration;
			buildSettings = {
				ALWAYS_SEARCH_USER_PATHS = NO;
				ASSETCATALOG_COMPILER_GENERATE_SWIFT_ASSET_SYMBOL_EXTENSIONS = YES;
				CLANG_ANALYZER_NONNULL = YES;
				CLANG_ANALYZER_NUMBER_OBJECT_CONVERSION = YES_AGGRESSIVE;
				CLANG_CXX_LANGUAGE_STANDARD = "gnu++20";
				CLANG_ENABLE_MODULES = YES;
				CLANG_ENABLE_OBJC_ARC = YES;
				CLANG_ENABLE_OBJC_WEAK = YES;
				CLANG_WARN_BLOCK_CAPTURE_AUTORELEASING = YES;
				CLANG_WARN_BOOL_CONVERSION = YES;
				CLANG_WARN_COMMA = YES;
				CLANG_WARN_CONSTANT_CONVERSION = YES;
				CLANG_WARN_DEPRECATED_OBJC_IMPLEMENTATIONS = YES;
				CLANG_WARN_DIRECT_OBJC_ISA_USAGE = YES_ERROR;
				CLANG_WARN_DOCUMENTATION_COMMENTS = YES;
				CLANG_WARN_EMPTY_BODY = YES;
				CLANG_WARN_ENUM_CONVERSION = YES;
				CLANG_WARN_INFINITE_RECURSION = YES;
				CLANG_WARN_INT_CONVERSION = YES;
				CLANG_WARN_NON_LITERAL_NULL_CONVERSION = YES;
				CLANG_WARN_OBJC_IMPLICIT_RETAIN_SELF = YES;
				CLANG_WARN_OBJC_LITERAL_CONVERSION = YES;
				CLANG_WARN_OBJC_ROOT_CLASS = YES_ERROR;
				CLANG_WARN_QUOTED_INCLUDE_IN_FRAMEWORK_HEADER = YES;
				CLANG_WARN_RANGE_LOOP_ANALYSIS = YES;
				CLANG_WARN_STRICT_PROTOTYPES = YES;
				CLANG_WARN_SUSPICIOUS_MOVE = YES;
				CLANG_WARN_UNGUARDED_AVAILABILITY = YES_AGGRESSIVE;
				CLANG_WARN_UNREACHABLE_CODE = YES;
				CLANG_WARN__DUPLICATE_METHOD_MATCH = YES;
				COPY_PHASE_STRIP = NO;
				DEBUG_INFORMATION_FORMAT = "dwarf-with-dsym";
				ENABLE_NS_ASSERTIONS = NO;
				ENABLE_STRICT_OBJC_MSGSEND = YES;
				ENABLE_USER_SCRIPT_SANDBOXING = YES;
				GCC_C_LANGUAGE_STANDARD = gnu17;
				GCC_NO_COMMON_BLOCKS = YES;
				GCC_WARN_64_TO_32_BIT_CONVERSION = YES;
				GCC_WARN_ABOUT_RETURN_TYPE = YES_ERROR;
				GCC_WARN_UNDECLARED_SELECTOR = YES;
				GCC_WARN_UNINITIALIZED_AUTOS = YES_AGGRESSIVE;
				GCC_WARN_UNUSED_FUNCTION = YES;
				GCC_WARN_UNUSED_VARIABLE = YES;
				HEADER_SEARCH_PATHS = "$(SRCROOT)/AlWrite/MyScriptSDK";
				IPHONEOS_DEPLOYMENT_TARGET = 18.1;
				LOCALIZATION_PREFERS_STRING_CATALOGS = YES;
				MTL_ENABLE_DEBUG_INFO = NO;
				MTL_FAST_MATH = YES;
				SDKROOT = iphoneos;
				SWIFT_COMPILATION_MODE = wholemodule;
				SWIFT_OBJC_BRIDGING_HEADER = "AlWrite/MyScriptSDK/IInkUIReferenceImplementation-Bridging-Header.h";
				VALIDATE_PRODUCT = YES;
			};
			name = Release;
		};
/* End XCBuildConfiguration section */

/* Begin XCConfigurationList section */
		E8D68FA42D32BE7600FD6971 /* Build configuration list for PBXProject "AlWrite" */ = {
			isa = XCConfigurationList;
			buildConfigurations = (
				E8D68FBE2D32BE7700FD6971 /* Debug */,
				E8D68FBF2D32BE7700FD6971 /* Release */,
			);
			defaultConfigurationIsVisible = 0;
			defaultConfigurationName = Release;
		};
		E8D68FBB2D32BE7700FD6971 /* Build configuration list for PBXNativeTarget "AlWrite" */ = {
			isa = XCConfigurationList;
			buildConfigurations = (
				E8D68FBC2D32BE7700FD6971 /* Debug */,
				E8D68FBD2D32BE7700FD6971 /* Release */,
			);
			defaultConfigurationIsVisible = 0;
			defaultConfigurationName = Release;
		};
/* End XCConfigurationList section */
	};
	rootObject = E8D68FA12D32BE7600FD6971 /* Project object */;
}
